
Microsoft Visual Studio Solution File, Format Version 12.00
# Visual Studio 15
Project("{FAE04EC0-301F-11D3-BF4B-00C04F79EFBC}") = "eCommerce.Android", "eCommerce.Android\eCommerce.Android.csproj", "{F4AA40E4-C22A-4A60-A755-34B7C9C6538F}"
EndProject
Project("{FAE04EC0-301F-11D3-BF4B-00C04F79EFBC}") = "eCommerce.iOS", "eCommerce.iOS\eCommerce.iOS.csproj", "{9441C908-4621-48F5-81E5-52AE13A00607}"
EndProject
Project("{FAE04EC0-301F-11D3-BF4B-00C04F79EFBC}") = "eCommerce", "eCommerce\eCommerce.csproj", "{C21DD38D-2712-46D0-850D-3B5608FA62C1}"
EndProject
Project("{2150E333-8FDC-42A3-9474-1A3956D46DE8}") = "Mobile", "Mobile", "{1C2DDBA2-B62C-42CA-AC9B-32BBDEC9262D}"
EndProject
Project("{2150E333-8FDC-42A3-9474-1A3956D46DE8}") = "Infrastructure", "Infrastructure", "{2D051614-45F7-4CDE-92CA-B945BA3CB9CF}"
EndProject
Project("{2150E333-8FDC-42A3-9474-1A3956D46DE8}") = "Core", "Core", "{513595B9-0702-46CC-98C8-9DB6B9B95E67}"
EndProject
Project("{2150E333-8FDC-42A3-9474-1A3956D46DE8}") = "MockServer", "MockServer", "{2A3301F3-EE4E-4FC7-8852-672D99C1D007}"
EndProject
Project("{FAE04EC0-301F-11D3-BF4B-00C04F79EFBC}") = "MockServer", "..\..\utils\dotnet-mockserver\MockServer.csproj", "{02DA9B3D-30BD-4A64-A410-9F3F660EF10E}"
EndProject
Project("{FAE04EC0-301F-11D3-BF4B-00C04F79EFBC}") = "WooCommerce.Mocks", "..\..\utils\WooCommerce.JsonMocks\WooCommerce.Mocks.csproj", "{8FE4A4EC-3842-4367-97ED-CBF6F11D1FF7}"
EndProject
Project("{FAE04EC0-301F-11D3-BF4B-00C04F79EFBC}") = "Core.Logic", "Core.Logic\Core.Logic.csproj", "{8B3C4C06-DB02-42A9-A320-483CE10D6D1F}"
EndProject
Global
	GlobalSection(SolutionConfigurationPlatforms) = preSolution
		Debug|Any CPU = Debug|Any CPU
		Release|Any CPU = Release|Any CPU
		Debug|iPhoneSimulator = Debug|iPhoneSimulator
		Release|iPhoneSimulator = Release|iPhoneSimulator
		Debug|iPhone = Debug|iPhone
		Release|iPhone = Release|iPhone
	EndGlobalSection
	GlobalSection(ProjectConfigurationPlatforms) = postSolution
		{F4AA40E4-C22A-4A60-A755-34B7C9C6538F}.Debug|Any CPU.ActiveCfg = Debug|Any CPU
		{F4AA40E4-C22A-4A60-A755-34B7C9C6538F}.Debug|Any CPU.Build.0 = Debug|Any CPU
		{F4AA40E4-C22A-4A60-A755-34B7C9C6538F}.Release|Any CPU.ActiveCfg = Release|Any CPU
		{F4AA40E4-C22A-4A60-A755-34B7C9C6538F}.Release|Any CPU.Build.0 = Release|Any CPU
		{F4AA40E4-C22A-4A60-A755-34B7C9C6538F}.Debug|iPhoneSimulator.ActiveCfg = Debug|Any CPU
		{F4AA40E4-C22A-4A60-A755-34B7C9C6538F}.Debug|iPhoneSimulator.Build.0 = Debug|Any CPU
		{F4AA40E4-C22A-4A60-A755-34B7C9C6538F}.Release|iPhoneSimulator.ActiveCfg = Release|Any CPU
		{F4AA40E4-C22A-4A60-A755-34B7C9C6538F}.Release|iPhoneSimulator.Build.0 = Release|Any CPU
		{F4AA40E4-C22A-4A60-A755-34B7C9C6538F}.Debug|iPhone.ActiveCfg = Debug|Any CPU
		{F4AA40E4-C22A-4A60-A755-34B7C9C6538F}.Debug|iPhone.Build.0 = Debug|Any CPU
		{F4AA40E4-C22A-4A60-A755-34B7C9C6538F}.Release|iPhone.ActiveCfg = Release|Any CPU
		{F4AA40E4-C22A-4A60-A755-34B7C9C6538F}.Release|iPhone.Build.0 = Release|Any CPU
		{9441C908-4621-48F5-81E5-52AE13A00607}.Debug|Any CPU.ActiveCfg = Debug|iPhoneSimulator
		{9441C908-4621-48F5-81E5-52AE13A00607}.Debug|Any CPU.Build.0 = Debug|iPhoneSimulator
		{9441C908-4621-48F5-81E5-52AE13A00607}.Release|Any CPU.ActiveCfg = Release|iPhoneSimulator
		{9441C908-4621-48F5-81E5-52AE13A00607}.Release|Any CPU.Build.0 = Release|iPhoneSimulator
		{9441C908-4621-48F5-81E5-52AE13A00607}.Debug|iPhoneSimulator.ActiveCfg = Debug|iPhoneSimulator
		{9441C908-4621-48F5-81E5-52AE13A00607}.Debug|iPhoneSimulator.Build.0 = Debug|iPhoneSimulator
		{9441C908-4621-48F5-81E5-52AE13A00607}.Release|iPhoneSimulator.ActiveCfg = Release|iPhoneSimulator
		{9441C908-4621-48F5-81E5-52AE13A00607}.Release|iPhoneSimulator.Build.0 = Release|iPhoneSimulator
		{9441C908-4621-48F5-81E5-52AE13A00607}.Debug|iPhone.ActiveCfg = Debug|iPhone
		{9441C908-4621-48F5-81E5-52AE13A00607}.Debug|iPhone.Build.0 = Debug|iPhone
		{9441C908-4621-48F5-81E5-52AE13A00607}.Release|iPhone.ActiveCfg = Release|iPhone
		{9441C908-4621-48F5-81E5-52AE13A00607}.Release|iPhone.Build.0 = Release|iPhone
		{C21DD38D-2712-46D0-850D-3B5608FA62C1}.Debug|Any CPU.ActiveCfg = Debug|Any CPU
		{C21DD38D-2712-46D0-850D-3B5608FA62C1}.Debug|Any CPU.Build.0 = Debug|Any CPU
		{C21DD38D-2712-46D0-850D-3B5608FA62C1}.Release|Any CPU.ActiveCfg = Release|Any CPU
		{C21DD38D-2712-46D0-850D-3B5608FA62C1}.Release|Any CPU.Build.0 = Release|Any CPU
		{C21DD38D-2712-46D0-850D-3B5608FA62C1}.Debug|iPhoneSimulator.ActiveCfg = Debug|Any CPU
		{C21DD38D-2712-46D0-850D-3B5608FA62C1}.Debug|iPhoneSimulator.Build.0 = Debug|Any CPU
		{C21DD38D-2712-46D0-850D-3B5608FA62C1}.Release|iPhoneSimulator.ActiveCfg = Release|Any CPU
		{C21DD38D-2712-46D0-850D-3B5608FA62C1}.Release|iPhoneSimulator.Build.0 = Release|Any CPU
		{C21DD38D-2712-46D0-850D-3B5608FA62C1}.Debug|iPhone.ActiveCfg = Debug|Any CPU
		{C21DD38D-2712-46D0-850D-3B5608FA62C1}.Debug|iPhone.Build.0 = Debug|Any CPU
		{C21DD38D-2712-46D0-850D-3B5608FA62C1}.Release|iPhone.ActiveCfg = Release|Any CPU
		{C21DD38D-2712-46D0-850D-3B5608FA62C1}.Release|iPhone.Build.0 = Release|Any CPU
		{02DA9B3D-30BD-4A64-A410-9F3F660EF10E}.Debug|Any CPU.ActiveCfg = Debug|Any CPU
		{02DA9B3D-30BD-4A64-A410-9F3F660EF10E}.Debug|Any CPU.Build.0 = Debug|Any CPU
		{02DA9B3D-30BD-4A64-A410-9F3F660EF10E}.Release|Any CPU.ActiveCfg = Release|Any CPU
		{02DA9B3D-30BD-4A64-A410-9F3F660EF10E}.Release|Any CPU.Build.0 = Release|Any CPU
		{02DA9B3D-30BD-4A64-A410-9F3F660EF10E}.Debug|iPhoneSimulator.ActiveCfg = Debug|Any CPU
		{02DA9B3D-30BD-4A64-A410-9F3F660EF10E}.Debug|iPhoneSimulator.Build.0 = Debug|Any CPU
		{02DA9B3D-30BD-4A64-A410-9F3F660EF10E}.Release|iPhoneSimulator.ActiveCfg = Release|Any CPU
		{02DA9B3D-30BD-4A64-A410-9F3F660EF10E}.Release|iPhoneSimulator.Build.0 = Release|Any CPU
		{02DA9B3D-30BD-4A64-A410-9F3F660EF10E}.Debug|iPhone.ActiveCfg = Debug|Any CPU
		{02DA9B3D-30BD-4A64-A410-9F3F660EF10E}.Debug|iPhone.Build.0 = Debug|Any CPU
		{02DA9B3D-30BD-4A64-A410-9F3F660EF10E}.Release|iPhone.ActiveCfg = Release|Any CPU
		{02DA9B3D-30BD-4A64-A410-9F3F660EF10E}.Release|iPhone.Build.0 = Release|Any CPU
		{8FE4A4EC-3842-4367-97ED-CBF6F11D1FF7}.Debug|Any CPU.ActiveCfg = Debug|Any CPU
		{8FE4A4EC-3842-4367-97ED-CBF6F11D1FF7}.Debug|Any CPU.Build.0 = Debug|Any CPU
		{8FE4A4EC-3842-4367-97ED-CBF6F11D1FF7}.Release|Any CPU.ActiveCfg = Release|Any CPU
		{8FE4A4EC-3842-4367-97ED-CBF6F11D1FF7}.Release|Any CPU.Build.0 = Release|Any CPU
		{8FE4A4EC-3842-4367-97ED-CBF6F11D1FF7}.Debug|iPhoneSimulator.ActiveCfg = Debug|Any CPU
		{8FE4A4EC-3842-4367-97ED-CBF6F11D1FF7}.Debug|iPhoneSimulator.Build.0 = Debug|Any CPU
		{8FE4A4EC-3842-4367-97ED-CBF6F11D1FF7}.Release|iPhoneSimulator.ActiveCfg = Release|Any CPU
		{8FE4A4EC-3842-4367-97ED-CBF6F11D1FF7}.Release|iPhoneSimulator.Build.0 = Release|Any CPU
		{8FE4A4EC-3842-4367-97ED-CBF6F11D1FF7}.Debug|iPhone.ActiveCfg = Debug|Any CPU
		{8FE4A4EC-3842-4367-97ED-CBF6F11D1FF7}.Debug|iPhone.Build.0 = Debug|Any CPU
		{8FE4A4EC-3842-4367-97ED-CBF6F11D1FF7}.Release|iPhone.ActiveCfg = Release|Any CPU
		{8FE4A4EC-3842-4367-97ED-CBF6F11D1FF7}.Release|iPhone.Build.0 = Release|Any CPU
		{8B3C4C06-DB02-42A9-A320-483CE10D6D1F}.Debug|Any CPU.ActiveCfg = Debug|Any CPU
		{8B3C4C06-DB02-42A9-A320-483CE10D6D1F}.Debug|Any CPU.Build.0 = Debug|Any CPU
		{8B3C4C06-DB02-42A9-A320-483CE10D6D1F}.Release|Any CPU.ActiveCfg = Release|Any CPU
		{8B3C4C06-DB02-42A9-A320-483CE10D6D1F}.Release|Any CPU.Build.0 = Release|Any CPU
		{8B3C4C06-DB02-42A9-A320-483CE10D6D1F}.Debug|iPhoneSimulator.ActiveCfg = Debug|Any CPU
		{8B3C4C06-DB02-42A9-A320-483CE10D6D1F}.Debug|iPhoneSimulator.Build.0 = Debug|Any CPU
		{8B3C4C06-DB02-42A9-A320-483CE10D6D1F}.Release|iPhoneSimulator.ActiveCfg = Release|Any CPU
		{8B3C4C06-DB02-42A9-A320-483CE10D6D1F}.Release|iPhoneSimulator.Build.0 = Release|Any CPU
		{8B3C4C06-DB02-42A9-A320-483CE10D6D1F}.Debug|iPhone.ActiveCfg = Debug|Any CPU
		{8B3C4C06-DB02-42A9-A320-483CE10D6D1F}.Debug|iPhone.Build.0 = Debug|Any CPU
		{8B3C4C06-DB02-42A9-A320-483CE10D6D1F}.Release|iPhone.ActiveCfg = Release|Any CPU
		{8B3C4C06-DB02-42A9-A320-483CE10D6D1F}.Release|iPhone.Build.0 = Release|Any CPU
	EndGlobalSection
	GlobalSection(NestedProjects) = preSolution
		{C21DD38D-2712-46D0-850D-3B5608FA62C1} = {1C2DDBA2-B62C-42CA-AC9B-32BBDEC9262D}
		{F4AA40E4-C22A-4A60-A755-34B7C9C6538F} = {1C2DDBA2-B62C-42CA-AC9B-32BBDEC9262D}
		{9441C908-4621-48F5-81E5-52AE13A00607} = {1C2DDBA2-B62C-42CA-AC9B-32BBDEC9262D}
		{2A3301F3-EE4E-4FC7-8852-672D99C1D007} = {2D051614-45F7-4CDE-92CA-B945BA3CB9CF}
		{02DA9B3D-30BD-4A64-A410-9F3F660EF10E} = {2A3301F3-EE4E-4FC7-8852-672D99C1D007}
		{8FE4A4EC-3842-4367-97ED-CBF6F11D1FF7} = {2A3301F3-EE4E-4FC7-8852-672D99C1D007}
		{8B3C4C06-DB02-42A9-A320-483CE10D6D1F} = {513595B9-0702-46CC-98C8-9DB6B9B95E67}
	EndGlobalSection
EndGlobal
